// !$*UTF8*$!
{
	archiveVersion = 1;
	classes = {
	};
	objectVersion = 55;
	objects = {

/* Begin PBXBuildFile section */
		A45B32FD2832453300C9B6F5 /* AppDelegate.swift in Sources */ = {isa = PBXBuildFile; fileRef = A45B32FC2832453300C9B6F5 /* AppDelegate.swift */; };
		A45B32FF2832453300C9B6F5 /* SceneDelegate.swift in Sources */ = {isa = PBXBuildFile; fileRef = A45B32FE2832453300C9B6F5 /* SceneDelegate.swift */; };
		A45B33042832453300C9B6F5 /* Main.storyboard in Resources */ = {isa = PBXBuildFile; fileRef = A45B33022832453300C9B6F5 /* Main.storyboard */; };
		A45B33062832453400C9B6F5 /* Assets.xcassets in Resources */ = {isa = PBXBuildFile; fileRef = A45B33052832453400C9B6F5 /* Assets.xcassets */; };
		A45B33092832453400C9B6F5 /* LaunchScreen.storyboard in Resources */ = {isa = PBXBuildFile; fileRef = A45B33072832453400C9B6F5 /* LaunchScreen.storyboard */; };
		A45B331128327A1B00C9B6F5 /* HistoryViewController.swift in Sources */ = {isa = PBXBuildFile; fileRef = A45B331028327A1B00C9B6F5 /* HistoryViewController.swift */; };
		A45B331328327A3000C9B6F5 /* TimerViewController.swift in Sources */ = {isa = PBXBuildFile; fileRef = A45B331228327A3000C9B6F5 /* TimerViewController.swift */; };
		A45B331528327A4700C9B6F5 /* SettingViewController.swift in Sources */ = {isa = PBXBuildFile; fileRef = A45B331428327A4600C9B6F5 /* SettingViewController.swift */; };
		A45B331728327ACC00C9B6F5 /* History2ViewController.swift in Sources */ = {isa = PBXBuildFile; fileRef = A45B331628327ACC00C9B6F5 /* History2ViewController.swift */; };
		A45B331928327AE600C9B6F5 /* Timer2ViewController.swift in Sources */ = {isa = PBXBuildFile; fileRef = A45B331828327AE600C9B6F5 /* Timer2ViewController.swift */; };
		A45B331B28327AF800C9B6F5 /* Timer3ViewController.swift in Sources */ = {isa = PBXBuildFile; fileRef = A45B331A28327AF800C9B6F5 /* Timer3ViewController.swift */; };
		A45B331D2832825800C9B6F5 /* TabBarController.swift in Sources */ = {isa = PBXBuildFile; fileRef = A45B331C2832825800C9B6F5 /* TabBarController.swift */; };
		A45B331F2833C7DC00C9B6F5 /* Timers.swift in Sources */ = {isa = PBXBuildFile; fileRef = A45B331E2833C7DC00C9B6F5 /* Timers.swift */; };
		A45B33222835215F00C9B6F5 /* TableViewCell.swift in Sources */ = {isa = PBXBuildFile; fileRef = A45B33202835215E00C9B6F5 /* TableViewCell.swift */; };
		A45B33232835215F00C9B6F5 /* TableViewCell.xib in Resources */ = {isa = PBXBuildFile; fileRef = A45B33212835215E00C9B6F5 /* TableViewCell.xib */; };
		B8AFC36D7D983A4C5FADAF27 /* Pods_Timer.framework in Frameworks */ = {isa = PBXBuildFile; fileRef = D37BEBCF4225289B6510E505 /* Pods_Timer.framework */; };
/* End PBXBuildFile section */

/* Begin PBXFileReference section */
		672C3875DA8435D5E37FEE4F /* Pods-Timer.release.xcconfig */ = {isa = PBXFileReference; includeInIndex = 1; lastKnownFileType = text.xcconfig; name = "Pods-Timer.release.xcconfig"; path = "Target Support Files/Pods-Timer/Pods-Timer.release.xcconfig"; sourceTree = "<group>"; };
		A45B32F92832453300C9B6F5 /* Timer.app */ = {isa = PBXFileReference; explicitFileType = wrapper.application; includeInIndex = 0; path = Timer.app; sourceTree = BUILT_PRODUCTS_DIR; };
		A45B32FC2832453300C9B6F5 /* AppDelegate.swift */ = {isa = PBXFileReference; lastKnownFileType = sourcecode.swift; path = AppDelegate.swift; sourceTree = "<group>"; };
		A45B32FE2832453300C9B6F5 /* SceneDelegate.swift */ = {isa = PBXFileReference; lastKnownFileType = sourcecode.swift; path = SceneDelegate.swift; sourceTree = "<group>"; };
		A45B33032832453300C9B6F5 /* Base */ = {isa = PBXFileReference; lastKnownFileType = file.storyboard; name = Base; path = Base.lproj/Main.storyboard; sourceTree = "<group>"; };
		A45B33052832453400C9B6F5 /* Assets.xcassets */ = {isa = PBXFileReference; lastKnownFileType = folder.assetcatalog; path = Assets.xcassets; sourceTree = "<group>"; };
		A45B33082832453400C9B6F5 /* Base */ = {isa = PBXFileReference; lastKnownFileType = file.storyboard; name = Base; path = Base.lproj/LaunchScreen.storyboard; sourceTree = "<group>"; };
		A45B330A2832453400C9B6F5 /* Info.plist */ = {isa = PBXFileReference; lastKnownFileType = text.plist.xml; path = Info.plist; sourceTree = "<group>"; };
		A45B331028327A1B00C9B6F5 /* HistoryViewController.swift */ = {isa = PBXFileReference; lastKnownFileType = sourcecode.swift; path = HistoryViewController.swift; sourceTree = "<group>"; };
		A45B331228327A3000C9B6F5 /* TimerViewController.swift */ = {isa = PBXFileReference; lastKnownFileType = sourcecode.swift; path = TimerViewController.swift; sourceTree = "<group>"; };
		A45B331428327A4600C9B6F5 /* SettingViewController.swift */ = {isa = PBXFileReference; lastKnownFileType = sourcecode.swift; path = SettingViewController.swift; sourceTree = "<group>"; };
		A45B331628327ACC00C9B6F5 /* History2ViewController.swift */ = {isa = PBXFileReference; lastKnownFileType = sourcecode.swift; path = History2ViewController.swift; sourceTree = "<group>"; };
		A45B331828327AE600C9B6F5 /* Timer2ViewController.swift */ = {isa = PBXFileReference; lastKnownFileType = sourcecode.swift; path = Timer2ViewController.swift; sourceTree = "<group>"; };
		A45B331A28327AF800C9B6F5 /* Timer3ViewController.swift */ = {isa = PBXFileReference; lastKnownFileType = sourcecode.swift; path = Timer3ViewController.swift; sourceTree = "<group>"; };
		A45B331C2832825800C9B6F5 /* TabBarController.swift */ = {isa = PBXFileReference; lastKnownFileType = sourcecode.swift; path = TabBarController.swift; sourceTree = "<group>"; };
		A45B331E2833C7DC00C9B6F5 /* Timers.swift */ = {isa = PBXFileReference; lastKnownFileType = sourcecode.swift; path = Timers.swift; sourceTree = "<group>"; };
		A45B33202835215E00C9B6F5 /* TableViewCell.swift */ = {isa = PBXFileReference; lastKnownFileType = sourcecode.swift; path = TableViewCell.swift; sourceTree = "<group>"; };
		A45B33212835215E00C9B6F5 /* TableViewCell.xib */ = {isa = PBXFileReference; lastKnownFileType = file.xib; path = TableViewCell.xib; sourceTree = "<group>"; };
		D37BEBCF4225289B6510E505 /* Pods_Timer.framework */ = {isa = PBXFileReference; explicitFileType = wrapper.framework; includeInIndex = 0; path = Pods_Timer.framework; sourceTree = BUILT_PRODUCTS_DIR; };
		D93902CF9AE5A5CB90FFDBCE /* Pods-Timer.debug.xcconfig */ = {isa = PBXFileReference; includeInIndex = 1; lastKnownFileType = text.xcconfig; name = "Pods-Timer.debug.xcconfig"; path = "Target Support Files/Pods-Timer/Pods-Timer.debug.xcconfig"; sourceTree = "<group>"; };
/* End PBXFileReference section */

/* Begin PBXFrameworksBuildPhase section */
		A45B32F62832453300C9B6F5 /* Frameworks */ = {
			isa = PBXFrameworksBuildPhase;
			buildActionMask = 2147483647;
			files = (
				B8AFC36D7D983A4C5FADAF27 /* Pods_Timer.framework in Frameworks */,
			);
			runOnlyForDeploymentPostprocessing = 0;
		};
/* End PBXFrameworksBuildPhase section */

/* Begin PBXGroup section */
		87747FBF610FDF3D272E6B36 /* Pods */ = {
			isa = PBXGroup;
			children = (
				D93902CF9AE5A5CB90FFDBCE /* Pods-Timer.debug.xcconfig */,
				672C3875DA8435D5E37FEE4F /* Pods-Timer.release.xcconfig */,
			);
			path = Pods;
			sourceTree = "<group>";
		};
		A45B32F02832453300C9B6F5 = {
			isa = PBXGroup;
			children = (
				A45B32FB2832453300C9B6F5 /* Timer */,
				A45B32FA2832453300C9B6F5 /* Products */,
				87747FBF610FDF3D272E6B36 /* Pods */,
				DC2B2559476FE7168CF28D62 /* Frameworks */,
			);
			sourceTree = "<group>";
		};
		A45B32FA2832453300C9B6F5 /* Products */ = {
			isa = PBXGroup;
			children = (
				A45B32F92832453300C9B6F5 /* Timer.app */,
			);
			name = Products;
			sourceTree = "<group>";
		};
		A45B32FB2832453300C9B6F5 /* Timer */ = {
			isa = PBXGroup;
			children = (
				A45B32FC2832453300C9B6F5 /* AppDelegate.swift */,
				A45B32FE2832453300C9B6F5 /* SceneDelegate.swift */,
				A45B331228327A3000C9B6F5 /* TimerViewController.swift */,
				A45B331C2832825800C9B6F5 /* TabBarController.swift */,
				A45B331828327AE600C9B6F5 /* Timer2ViewController.swift */,
				A45B331A28327AF800C9B6F5 /* Timer3ViewController.swift */,
				A45B331428327A4600C9B6F5 /* SettingViewController.swift */,
				A45B331028327A1B00C9B6F5 /* HistoryViewController.swift */,
				A45B331628327ACC00C9B6F5 /* History2ViewController.swift */,
				A45B331E2833C7DC00C9B6F5 /* Timers.swift */,
				A45B33202835215E00C9B6F5 /* TableViewCell.swift */,
				A45B33212835215E00C9B6F5 /* TableViewCell.xib */,
				A45B33022832453300C9B6F5 /* Main.storyboard */,
				A45B33052832453400C9B6F5 /* Assets.xcassets */,
				A45B33072832453400C9B6F5 /* LaunchScreen.storyboard */,
				A45B330A2832453400C9B6F5 /* Info.plist */,
			);
			path = Timer;
			sourceTree = "<group>";
		};
		DC2B2559476FE7168CF28D62 /* Frameworks */ = {
			isa = PBXGroup;
			children = (
				D37BEBCF4225289B6510E505 /* Pods_Timer.framework */,
			);
			name = Frameworks;
			sourceTree = "<group>";
		};
/* End PBXGroup section */

/* Begin PBXNativeTarget section */
		A45B32F82832453300C9B6F5 /* Timer */ = {
			isa = PBXNativeTarget;
			buildConfigurationList = A45B330D2832453400C9B6F5 /* Build configuration list for PBXNativeTarget "Timer" */;
			buildPhases = (
				7D691B69627612198BB41FF5 /* [CP] Check Pods Manifest.lock */,
				A45B32F52832453300C9B6F5 /* Sources */,
				A45B32F62832453300C9B6F5 /* Frameworks */,
				A45B32F72832453300C9B6F5 /* Resources */,
				11A710156EAF524E4FA64472 /* [CP] Embed Pods Frameworks */,
			);
			buildRules = (
			);
			dependencies = (
			);
			name = Timer;
			productName = Timer;
			productReference = A45B32F92832453300C9B6F5 /* Timer.app */;
			productType = "com.apple.product-type.application";
		};
/* End PBXNativeTarget section */

/* Begin PBXProject section */
		A45B32F12832453300C9B6F5 /* Project object */ = {
			isa = PBXProject;
			attributes = {
				BuildIndependentTargetsInParallel = 1;
				LastSwiftUpdateCheck = 1310;
				LastUpgradeCheck = 1310;
				TargetAttributes = {
					A45B32F82832453300C9B6F5 = {
						CreatedOnToolsVersion = 13.1;
					};
				};
			};
			buildConfigurationList = A45B32F42832453300C9B6F5 /* Build configuration list for PBXProject "Timer" */;
			compatibilityVersion = "Xcode 13.0";
			developmentRegion = en;
			hasScannedForEncodings = 0;
			knownRegions = (
				en,
				Base,
			);
			mainGroup = A45B32F02832453300C9B6F5;
			productRefGroup = A45B32FA2832453300C9B6F5 /* Products */;
			projectDirPath = "";
			projectRoot = "";
			targets = (
				A45B32F82832453300C9B6F5 /* Timer */,
			);
		};
/* End PBXProject section */

/* Begin PBXResourcesBuildPhase section */
		A45B32F72832453300C9B6F5 /* Resources */ = {
			isa = PBXResourcesBuildPhase;
			buildActionMask = 2147483647;
			files = (
				A45B33092832453400C9B6F5 /* LaunchScreen.storyboard in Resources */,
				A45B33232835215F00C9B6F5 /* TableViewCell.xib in Resources */,
				A45B33062832453400C9B6F5 /* Assets.xcassets in Resources */,
				A45B33042832453300C9B6F5 /* Main.storyboard in Resources */,
			);
			runOnlyForDeploymentPostprocessing = 0;
		};
/* End PBXResourcesBuildPhase section */

/* Begin PBXShellScriptBuildPhase section */
		11A710156EAF524E4FA64472 /* [CP] Embed Pods Frameworks */ = {
			isa = PBXShellScriptBuildPhase;
			buildActionMask = 2147483647;
			files = (
			);
			inputFileListPaths = (
				"${PODS_ROOT}/Target Support Files/Pods-Timer/Pods-Timer-frameworks-${CONFIGURATION}-input-files.xcfilelist",
			);
			name = "[CP] Embed Pods Frameworks";
			outputFileListPaths = (
				"${PODS_ROOT}/Target Support Files/Pods-Timer/Pods-Timer-frameworks-${CONFIGURATION}-output-files.xcfilelist",
			);
			runOnlyForDeploymentPostprocessing = 0;
			shellPath = /bin/sh;
			shellScript = "\"${PODS_ROOT}/Target Support Files/Pods-Timer/Pods-Timer-frameworks.sh\"\n";
			showEnvVarsInLog = 0;
		};
		7D691B69627612198BB41FF5 /* [CP] Check Pods Manifest.lock */ = {
			isa = PBXShellScriptBuildPhase;
			buildActionMask = 2147483647;
			files = (
			);
			inputFileListPaths = (
			);
			inputPaths = (
				"${PODS_PODFILE_DIR_PATH}/Podfile.lock",
				"${PODS_ROOT}/Manifest.lock",
			);
			name = "[CP] Check Pods Manifest.lock";
			outputFileListPaths = (
			);
			outputPaths = (
				"$(DERIVED_FILE_DIR)/Pods-Timer-checkManifestLockResult.txt",
			);
			runOnlyForDeploymentPostprocessing = 0;
			shellPath = /bin/sh;
			shellScript = "diff \"${PODS_PODFILE_DIR_PATH}/Podfile.lock\" \"${PODS_ROOT}/Manifest.lock\" > /dev/null\nif [ $? != 0 ] ; then\n    # print error to STDERR\n    echo \"error: The sandbox is not in sync with the Podfile.lock. Run 'pod install' or update your CocoaPods installation.\" >&2\n    exit 1\nfi\n# This output is used by Xcode 'outputs' to avoid re-running this script phase.\necho \"SUCCESS\" > \"${SCRIPT_OUTPUT_FILE_0}\"\n";
			showEnvVarsInLog = 0;
		};
/* End PBXShellScriptBuildPhase section */

/* Begin PBXSourcesBuildPhase section */
		A45B32F52832453300C9B6F5 /* Sources */ = {
			isa = PBXSourcesBuildPhase;
			buildActionMask = 2147483647;
			files = (
				A45B331328327A3000C9B6F5 /* TimerViewController.swift in Sources */,
				A45B331728327ACC00C9B6F5 /* History2ViewController.swift in Sources */,
				A45B331B28327AF800C9B6F5 /* Timer3ViewController.swift in Sources */,
				A45B331D2832825800C9B6F5 /* TabBarController.swift in Sources */,
				A45B32FD2832453300C9B6F5 /* AppDelegate.swift in Sources */,
				A45B32FF2832453300C9B6F5 /* SceneDelegate.swift in Sources */,
				A45B33222835215F00C9B6F5 /* TableViewCell.swift in Sources */,
				A45B331F2833C7DC00C9B6F5 /* Timers.swift in Sources */,
				A45B331128327A1B00C9B6F5 /* HistoryViewController.swift in Sources */,
				A45B331528327A4700C9B6F5 /* SettingViewController.swift in Sources */,
				A45B331928327AE600C9B6F5 /* Timer2ViewController.swift in Sources */,
			);
			runOnlyForDeploymentPostprocessing = 0;
		};
/* End PBXSourcesBuildPhase section */

/* Begin PBXVariantGroup section */
		A45B33022832453300C9B6F5 /* Main.storyboard */ = {
			isa = PBXVariantGroup;
			children = (
				A45B33032832453300C9B6F5 /* Base */,
			);
			name = Main.storyboard;
			sourceTree = "<group>";
		};
		A45B33072832453400C9B6F5 /* LaunchScreen.storyboard */ = {
			isa = PBXVariantGroup;
			children = (
				A45B33082832453400C9B6F5 /* Base */,
			);
			name = LaunchScreen.storyboard;
			sourceTree = "<group>";
		};
/* End PBXVariantGroup section */

/* Begin XCBuildConfiguration section */
		A45B330B2832453400C9B6F5 /* Debug */ = {
			isa = XCBuildConfiguration;
			buildSettings = {
				ALWAYS_SEARCH_USER_PATHS = NO;
				CLANG_ANALYZER_NONNULL = YES;
				CLANG_ANALYZER_NUMBER_OBJECT_CONVERSION = YES_AGGRESSIVE;
				CLANG_CXX_LANGUAGE_STANDARD = "gnu++17";
				CLANG_CXX_LIBRARY = "libc++";
				CLANG_ENABLE_MODULES = YES;
				CLANG_ENABLE_OBJC_ARC = YES;
				CLANG_ENABLE_OBJC_WEAK = YES;
				CLANG_WARN_BLOCK_CAPTURE_AUTORELEASING = YES;
				CLANG_WARN_BOOL_CONVERSION = YES;
				CLANG_WARN_COMMA = YES;
				CLANG_WARN_CONSTANT_CONVERSION = YES;
				CLANG_WARN_DEPRECATED_OBJC_IMPLEMENTATIONS = YES;
				CLANG_WARN_DIRECT_OBJC_ISA_USAGE = YES_ERROR;
				CLANG_WARN_DOCUMENTATION_COMMENTS = YES;
				CLANG_WARN_EMPTY_BODY = YES;
				CLANG_WARN_ENUM_CONVERSION = YES;
				CLANG_WARN_INFINITE_RECURSION = YES;
				CLANG_WARN_INT_CONVERSION = YES;
				CLANG_WARN_NON_LITERAL_NULL_CONVERSION = YES;
				CLANG_WARN_OBJC_IMPLICIT_RETAIN_SELF = YES;
				CLANG_WARN_OBJC_LITERAL_CONVERSION = YES;
				CLANG_WARN_OBJC_ROOT_CLASS = YES_ERROR;
				CLANG_WARN_QUOTED_INCLUDE_IN_FRAMEWORK_HEADER = YES;
				CLANG_WARN_RANGE_LOOP_ANALYSIS = YES;
				CLANG_WARN_STRICT_PROTOTYPES = YES;
				CLANG_WARN_SUSPICIOUS_MOVE = YES;
				CLANG_WARN_UNGUARDED_AVAILABILITY = YES_AGGRESSIVE;
				CLANG_WARN_UNREACHABLE_CODE = YES;
				CLANG_WARN__DUPLICATE_METHOD_MATCH = YES;
				COPY_PHASE_STRIP = NO;
				DEBUG_INFORMATION_FORMAT = dwarf;
				ENABLE_STRICT_OBJC_MSGSEND = YES;
				ENABLE_TESTABILITY = YES;
				GCC_C_LANGUAGE_STANDARD = gnu11;
				GCC_DYNAMIC_NO_PIC = NO;
				GCC_NO_COMMON_BLOCKS = YES;
				GCC_OPTIMIZATION_LEVEL = 0;
				GCC_PREPROCESSOR_DEFINITIONS = (
					"DEBUG=1",
					"$(inherited)",
				);
				GCC_WARN_64_TO_32_BIT_CONVERSION = YES;
				GCC_WARN_ABOUT_RETURN_TYPE = YES_ERROR;
				GCC_WARN_UNDECLARED_SELECTOR = YES;
				GCC_WARN_UNINITIALIZED_AUTOS = YES_AGGRESSIVE;
				GCC_WARN_UNUSED_FUNCTION = YES;
				GCC_WARN_UNUSED_VARIABLE = YES;
				IPHONEOS_DEPLOYMENT_TARGET = 15.0;
				MTL_ENABLE_DEBUG_INFO = INCLUDE_SOURCE;
				MTL_FAST_MATH = YES;
				ONLY_ACTIVE_ARCH = YES;
				SDKROOT = iphoneos;
				SWIFT_ACTIVE_COMPILATION_CONDITIONS = DEBUG;
				SWIFT_OPTIMIZATION_LEVEL = "-Onone";
			};
			name = Debug;
		};
		A45B330C2832453400C9B6F5 /* Release */ = {
			isa = XCBuildConfiguration;
			buildSettings = {
				ALWAYS_SEARCH_USER_PATHS = NO;
				CLANG_ANALYZER_NONNULL = YES;
				CLANG_ANALYZER_NUMBER_OBJECT_CONVERSION = YES_AGGRESSIVE;
				CLANG_CXX_LANGUAGE_STANDARD = "gnu++17";
				CLANG_CXX_LIBRARY = "libc++";
				CLANG_ENABLE_MODULES = YES;
				CLANG_ENABLE_OBJC_ARC = YES;
				CLANG_ENABLE_OBJC_WEAK = YES;
				CLANG_WARN_BLOCK_CAPTURE_AUTORELEASING = YES;
				CLANG_WARN_BOOL_CONVERSION = YES;
				CLANG_WARN_COMMA = YES;
				CLANG_WARN_CONSTANT_CONVERSION = YES;
				CLANG_WARN_DEPRECATED_OBJC_IMPLEMENTATIONS = YES;
				CLANG_WARN_DIRECT_OBJC_ISA_USAGE = YES_ERROR;
				CLANG_WARN_DOCUMENTATION_COMMENTS = YES;
				CLANG_WARN_EMPTY_BODY = YES;
				CLANG_WARN_ENUM_CONVERSION = YES;
				CLANG_WARN_INFINITE_RECURSION = YES;
				CLANG_WARN_INT_CONVERSION = YES;
				CLANG_WARN_NON_LITERAL_NULL_CONVERSION = YES;
				CLANG_WARN_OBJC_IMPLICIT_RETAIN_SELF = YES;
				CLANG_WARN_OBJC_LITERAL_CONVERSION = YES;
				CLANG_WARN_OBJC_ROOT_CLASS = YES_ERROR;
				CLANG_WARN_QUOTED_INCLUDE_IN_FRAMEWORK_HEADER = YES;
				CLANG_WARN_RANGE_LOOP_ANALYSIS = YES;
				CLANG_WARN_STRICT_PROTOTYPES = YES;
				CLANG_WARN_SUSPICIOUS_MOVE = YES;
				CLANG_WARN_UNGUARDED_AVAILABILITY = YES_AGGRESSIVE;
				CLANG_WARN_UNREACHABLE_CODE = YES;
				CLANG_WARN__DUPLICATE_METHOD_MATCH = YES;
				COPY_PHASE_STRIP = NO;
				DEBUG_INFORMATION_FORMAT = "dwarf-with-dsym";
				ENABLE_NS_ASSERTIONS = NO;
				ENABLE_STRICT_OBJC_MSGSEND = YES;
				GCC_C_LANGUAGE_STANDARD = gnu11;
				GCC_NO_COMMON_BLOCKS = YES;
				GCC_WARN_64_TO_32_BIT_CONVERSION = YES;
				GCC_WARN_ABOUT_RETURN_TYPE = YES_ERROR;
				GCC_WARN_UNDECLARED_SELECTOR = YES;
				GCC_WARN_UNINITIALIZED_AUTOS = YES_AGGRESSIVE;
				GCC_WARN_UNUSED_FUNCTION = YES;
				GCC_WARN_UNUSED_VARIABLE = YES;
				IPHONEOS_DEPLOYMENT_TARGET = 15.0;
				MTL_ENABLE_DEBUG_INFO = NO;
				MTL_FAST_MATH = YES;
				SDKROOT = iphoneos;
				SWIFT_COMPILATION_MODE = wholemodule;
				SWIFT_OPTIMIZATION_LEVEL = "-O";
				VALIDATE_PRODUCT = YES;
			};
			name = Release;
		};
		A45B330E2832453400C9B6F5 /* Debug */ = {
			isa = XCBuildConfiguration;
			baseConfigurationReference = D93902CF9AE5A5CB90FFDBCE /* Pods-Timer.debug.xcconfig */;
			buildSettings = {
				ASSETCATALOG_COMPILER_APPICON_NAME = AppIcon;
				ASSETCATALOG_COMPILER_GLOBAL_ACCENT_COLOR_NAME = AccentColor;
				CODE_SIGN_STYLE = Automatic;
				CURRENT_PROJECT_VERSION = 1;
				DEVELOPMENT_TEAM = 96XRG5SDWH;
				GENERATE_INFOPLIST_FILE = YES;
				INFOPLIST_FILE = Timer/Info.plist;
				INFOPLIST_KEY_UIApplicationSupportsIndirectInputEvents = YES;
				INFOPLIST_KEY_UILaunchStoryboardName = LaunchScreen;
				INFOPLIST_KEY_UIMainStoryboardFile = Main;
				INFOPLIST_KEY_UISupportedInterfaceOrientations_iPad = "UIInterfaceOrientationPortrait UIInterfaceOrientationPortraitUpsideDown UIInterfaceOrientationLandscapeLeft UIInterfaceOrientationLandscapeRight";
				INFOPLIST_KEY_UISupportedInterfaceOrientations_iPhone = UIInterfaceOrientationPortrait;
				LD_RUNPATH_SEARCH_PATHS = (
					"$(inherited)",
					"@executable_path/Frameworks",
				);
				MARKETING_VERSION = 1.0;
				PRODUCT_BUNDLE_IDENTIFIER = jp.techacademy.takuya.hamagami.Timer;
				PRODUCT_NAME = "$(TARGET_NAME)";
				SWIFT_EMIT_LOC_STRINGS = YES;
				SWIFT_VERSION = 5.0;
				TARGETED_DEVICE_FAMILY = 1;
			};
			name = Debug;
		};
		A45B330F2832453400C9B6F5 /* Release */ = {
			isa = XCBuildConfiguration;
			baseConfigurationReference = 672C3875DA8435D5E37FEE4F /* Pods-Timer.release.xcconfig */;
			buildSettings = {
				ASSETCATALOG_COMPILER_APPICON_NAME = AppIcon;
				ASSETCATALOG_COMPILER_GLOBAL_ACCENT_COLOR_NAME = AccentColor;
				CODE_SIGN_STYLE = Automatic;
				CURRENT_PROJECT_VERSION = 1;
				DEVELOPMENT_TEAM = 96XRG5SDWH;
				GENERATE_INFOPLIST_FILE = YES;
				INFOPLIST_FILE = Timer/Info.plist;
				INFOPLIST_KEY_UIApplicationSupportsIndirectInputEvents = YES;
				INFOPLIST_KEY_UILaunchStoryboardName = LaunchScreen;
				INFOPLIST_KEY_UIMainStoryboardFile = Main;
				INFOPLIST_KEY_UISupportedInterfaceOrientations_iPad = "UIInterfaceOrientationPortrait UIInterfaceOrientationPortraitUpsideDown UIInterfaceOrientationLandscapeLeft UIInterfaceOrientationLandscapeRight";
				INFOPLIST_KEY_UISupportedInterfaceOrientations_iPhone = UIInterfaceOrientationPortrait;
				LD_RUNPATH_SEARCH_PATHS = (
					"$(inherited)",
					"@executable_path/Frameworks",
				);
				MARKETING_VERSION = 1.0;
				PRODUCT_BUNDLE_IDENTIFIER = jp.techacademy.takuya.hamagami.Timer;
				PRODUCT_NAME = "$(TARGET_NAME)";
				SWIFT_EMIT_LOC_STRINGS = YES;
				SWIFT_VERSION = 5.0;
				TARGETED_DEVICE_FAMILY = 1;
			};
			name = Release;
		};
/* End XCBuildConfiguration section */

/* Begin XCConfigurationList section */
		A45B32F42832453300C9B6F5 /* Build configuration list for PBXProject "Timer" */ = {
			isa = XCConfigurationList;
			buildConfigurations = (
				A45B330B2832453400C9B6F5 /* Debug */,
				A45B330C2832453400C9B6F5 /* Release */,
			);
			defaultConfigurationIsVisible = 0;
			defaultConfigurationName = Release;
		};
		A45B330D2832453400C9B6F5 /* Build configuration list for PBXNativeTarget "Timer" */ = {
			isa = XCConfigurationList;
			buildConfigurations = (
				A45B330E2832453400C9B6F5 /* Debug */,
				A45B330F2832453400C9B6F5 /* Release */,
			);
			defaultConfigurationIsVisible = 0;
			defaultConfigurationName = Release;
		};
/* End XCConfigurationList section */
	};
	rootObject = A45B32F12832453300C9B6F5 /* Project object */;
}
